
Microsoft Visual Studio Solution File, Format Version 12.00
# Visual Studio Version 17
VisualStudioVersion = 17.3.32819.101
MinimumVisualStudioVersion = 10.0.40219.1
Project("{9A19103F-16F7-4668-BE54-9A1E7A4F7556}") = "Circustrein", "Circustrein\Circustrein.csproj", "{9980352D-B543-4F32-9050-ACEB089C69CC}"
EndProject
Project("{9A19103F-16F7-4668-BE54-9A1E7A4F7556}") = "Circusclasses", "Circusclasses\Circusclasses.csproj", "{7D821D11-546B-456D-8FAD-EB6FB7679F6E}"
EndProject
Global
	GlobalSection(SolutionConfigurationPlatforms) = preSolution
		Debug|Any CPU = Debug|Any CPU
		Release|Any CPU = Release|Any CPU
	EndGlobalSection
	GlobalSection(ProjectConfigurationPlatforms) = postSolution
		{9980352D-B543-4F32-9050-ACEB089C69CC}.Debug|Any CPU.ActiveCfg = Debug|Any CPU
		{9980352D-B543-4F32-9050-ACEB089C69CC}.Debug|Any CPU.Build.0 = Debug|Any CPU
		{9980352D-B543-4F32-9050-ACEB089C69CC}.Release|Any CPU.ActiveCfg = Release|Any CPU
		{9980352D-B543-4F32-9050-ACEB089C69CC}.Release|Any CPU.Build.0 = Release|Any CPU
		{7D821D11-546B-456D-8FAD-EB6FB7679F6E}.Debug|Any CPU.ActiveCfg = Debug|Any CPU
		{7D821D11-546B-456D-8FAD-EB6FB7679F6E}.Debug|Any CPU.Build.0 = Debug|Any CPU
		{7D821D11-546B-456D-8FAD-EB6FB7679F6E}.Release|Any CPU.ActiveCfg = Release|Any CPU
		{7D821D11-546B-456D-8FAD-EB6FB7679F6E}.Release|Any CPU.Build.0 = Release|Any CPU
	EndGlobalSection
	GlobalSection(SolutionProperties) = preSolution
		HideSolutionNode = FALSE
	EndGlobalSection
	GlobalSection(ExtensibilityGlobals) = postSolution
		SolutionGuid = {7DB0BF02-D1F4-406F-B743-321177E6AEF3}
	EndGlobalSection
EndGlobal
